
Microsoft Visual Studio Solution File, Format Version 12.00
# Visual Studio Version 16
VisualStudioVersion = 16.0.30320.27
MinimumVisualStudioVersion = 10.0.40219.1
Project("{2150E333-8FDC-42A3-9474-1A3956D46DE8}") = "src", "src", "{BFA873F3-149D-4B58-811E-89CE66E89C8C}"
EndProject
Project("{2150E333-8FDC-42A3-9474-1A3956D46DE8}") = "Building Blocks", "Building Blocks", "{C84F4963-98E4-40E9-A1BE-92524C469574}"
EndProject
Project("{2150E333-8FDC-42A3-9474-1A3956D46DE8}") = "Services", "Services", "{97DB1975-4273-4DCA-A318-F36175BB523D}"
EndProject
Project("{2150E333-8FDC-42A3-9474-1A3956D46DE8}") = "Web", "Web", "{6A86BBF6-BE6B-49B0-8A95-1DDA0C5AA043}"
EndProject
Project("{2150E333-8FDC-42A3-9474-1A3956D46DE8}") = "Identidade", "Identidade", "{0D390257-0205-4B47-ADA2-91D840211C86}"
EndProject
Project("{9A19103F-16F7-4668-BE54-9A1E7A4F7556}") = "NSE.Identidade.API", "src\services\NSE.Identidade.API\NSE.Identidade.API.csproj", "{4508CBC8-CE3B-4CA2-818D-3996761ECFBE}"
EndProject
Project("{2150E333-8FDC-42A3-9474-1A3956D46DE8}") = "MVC", "MVC", "{7D024568-FA17-4616-82EE-B51FE6AB3B3D}"
EndProject
Project("{9A19103F-16F7-4668-BE54-9A1E7A4F7556}") = "NSE.WebApp.MVC", "src\web\NSE.WebApp.MVC\NSE.WebApp.MVC.csproj", "{DCB2A3DB-8A72-4CDE-A3A4-51F934235BB9}"
EndProject
Project("{2150E333-8FDC-42A3-9474-1A3956D46DE8}") = "Core", "Core", "{8AAEB5A9-BDD5-4D4C-A33B-7B3735A37A87}"
EndProject
Project("{9A19103F-16F7-4668-BE54-9A1E7A4F7556}") = "NSE.Core", "src\building blocks\NSE.Core\NSE.Core.csproj", "{F9963AE2-AEC6-496F-979C-70E6ECA276B2}"
EndProject
Project("{2150E333-8FDC-42A3-9474-1A3956D46DE8}") = "Carrinho", "Carrinho", "{3DC29EC3-5492-4660-90AF-E6AFDFCEB987}"
EndProject
Project("{9A19103F-16F7-4668-BE54-9A1E7A4F7556}") = "NSE.Carrinho.API", "src\services\NSE.Carrinho.API\NSE.Carrinho.API.csproj", "{9AF72589-CDCA-4D53-B440-C9D9A903B203}"
EndProject
Project("{2150E333-8FDC-42A3-9474-1A3956D46DE8}") = "Catalago", "Catalago", "{1BBE4AD0-02DC-4348-BD27-43F1F9FF95B4}"
EndProject
Project("{9A19103F-16F7-4668-BE54-9A1E7A4F7556}") = "NSE.Catalago.API", "src\services\NSE.Catalago.API\NSE.Catalago.API.csproj", "{91F69508-FFE0-491A-9772-D7B1D38D66DD}"
EndProject
Project("{2150E333-8FDC-42A3-9474-1A3956D46DE8}") = "Cliente", "Cliente", "{2A9F63DD-1B6C-43D8-8685-A60DF762E808}"
EndProject
Project("{9A19103F-16F7-4668-BE54-9A1E7A4F7556}") = "NSE.Cliente.API", "src\services\NSE.Cliente.API\NSE.Cliente.API.csproj", "{F8D7AE89-79DA-478F-8FC1-4A2EE158338E}"
EndProject
Project("{2150E333-8FDC-42A3-9474-1A3956D46DE8}") = "Pagamento", "Pagamento", "{56A449E0-0A63-433F-8C54-10E4CA83ABA2}"
EndProject
Project("{9A19103F-16F7-4668-BE54-9A1E7A4F7556}") = "NSE.Pagamento.API", "src\services\NSE.Pagamento.API\NSE.Pagamento.API.csproj", "{94C5CC97-97EE-4444-8627-E4D97F04752E}"
EndProject
Project("{2150E333-8FDC-42A3-9474-1A3956D46DE8}") = "Pedido", "Pedido", "{B80973FA-1090-44FA-84C3-08CD5558C241}"
EndProject
Project("{9A19103F-16F7-4668-BE54-9A1E7A4F7556}") = "NSE.Pedido.API", "src\services\NSE.Pedido.API\NSE.Pedido.API.csproj", "{BA37657A-4D41-4322-B6DF-4589EB45592E}"
EndProject
Global
	GlobalSection(SolutionConfigurationPlatforms) = preSolution
		Debug|Any CPU = Debug|Any CPU
		Release|Any CPU = Release|Any CPU
	EndGlobalSection
	GlobalSection(ProjectConfigurationPlatforms) = postSolution
		{4508CBC8-CE3B-4CA2-818D-3996761ECFBE}.Debug|Any CPU.ActiveCfg = Debug|Any CPU
		{4508CBC8-CE3B-4CA2-818D-3996761ECFBE}.Debug|Any CPU.Build.0 = Debug|Any CPU
		{4508CBC8-CE3B-4CA2-818D-3996761ECFBE}.Release|Any CPU.ActiveCfg = Release|Any CPU
		{4508CBC8-CE3B-4CA2-818D-3996761ECFBE}.Release|Any CPU.Build.0 = Release|Any CPU
		{DCB2A3DB-8A72-4CDE-A3A4-51F934235BB9}.Debug|Any CPU.ActiveCfg = Debug|Any CPU
		{DCB2A3DB-8A72-4CDE-A3A4-51F934235BB9}.Debug|Any CPU.Build.0 = Debug|Any CPU
		{DCB2A3DB-8A72-4CDE-A3A4-51F934235BB9}.Release|Any CPU.ActiveCfg = Release|Any CPU
		{DCB2A3DB-8A72-4CDE-A3A4-51F934235BB9}.Release|Any CPU.Build.0 = Release|Any CPU
		{F9963AE2-AEC6-496F-979C-70E6ECA276B2}.Debug|Any CPU.ActiveCfg = Debug|Any CPU
		{F9963AE2-AEC6-496F-979C-70E6ECA276B2}.Debug|Any CPU.Build.0 = Debug|Any CPU
		{F9963AE2-AEC6-496F-979C-70E6ECA276B2}.Release|Any CPU.ActiveCfg = Release|Any CPU
		{F9963AE2-AEC6-496F-979C-70E6ECA276B2}.Release|Any CPU.Build.0 = Release|Any CPU
		{9AF72589-CDCA-4D53-B440-C9D9A903B203}.Debug|Any CPU.ActiveCfg = Debug|Any CPU
		{9AF72589-CDCA-4D53-B440-C9D9A903B203}.Debug|Any CPU.Build.0 = Debug|Any CPU
		{9AF72589-CDCA-4D53-B440-C9D9A903B203}.Release|Any CPU.ActiveCfg = Release|Any CPU
		{9AF72589-CDCA-4D53-B440-C9D9A903B203}.Release|Any CPU.Build.0 = Release|Any CPU
		{91F69508-FFE0-491A-9772-D7B1D38D66DD}.Debug|Any CPU.ActiveCfg = Debug|Any CPU
		{91F69508-FFE0-491A-9772-D7B1D38D66DD}.Debug|Any CPU.Build.0 = Debug|Any CPU
		{91F69508-FFE0-491A-9772-D7B1D38D66DD}.Release|Any CPU.ActiveCfg = Release|Any CPU
		{91F69508-FFE0-491A-9772-D7B1D38D66DD}.Release|Any CPU.Build.0 = Release|Any CPU
		{F8D7AE89-79DA-478F-8FC1-4A2EE158338E}.Debug|Any CPU.ActiveCfg = Debug|Any CPU
		{F8D7AE89-79DA-478F-8FC1-4A2EE158338E}.Debug|Any CPU.Build.0 = Debug|Any CPU
		{F8D7AE89-79DA-478F-8FC1-4A2EE158338E}.Release|Any CPU.ActiveCfg = Release|Any CPU
		{F8D7AE89-79DA-478F-8FC1-4A2EE158338E}.Release|Any CPU.Build.0 = Release|Any CPU
		{94C5CC97-97EE-4444-8627-E4D97F04752E}.Debug|Any CPU.ActiveCfg = Debug|Any CPU
		{94C5CC97-97EE-4444-8627-E4D97F04752E}.Debug|Any CPU.Build.0 = Debug|Any CPU
		{94C5CC97-97EE-4444-8627-E4D97F04752E}.Release|Any CPU.ActiveCfg = Release|Any CPU
		{94C5CC97-97EE-4444-8627-E4D97F04752E}.Release|Any CPU.Build.0 = Release|Any CPU
		{BA37657A-4D41-4322-B6DF-4589EB45592E}.Debug|Any CPU.ActiveCfg = Debug|Any CPU
		{BA37657A-4D41-4322-B6DF-4589EB45592E}.Debug|Any CPU.Build.0 = Debug|Any CPU
		{BA37657A-4D41-4322-B6DF-4589EB45592E}.Release|Any CPU.ActiveCfg = Release|Any CPU
		{BA37657A-4D41-4322-B6DF-4589EB45592E}.Release|Any CPU.Build.0 = Release|Any CPU
	EndGlobalSection
	GlobalSection(SolutionProperties) = preSolution
		HideSolutionNode = FALSE
	EndGlobalSection
	GlobalSection(NestedProjects) = preSolution
		{C84F4963-98E4-40E9-A1BE-92524C469574} = {BFA873F3-149D-4B58-811E-89CE66E89C8C}
		{97DB1975-4273-4DCA-A318-F36175BB523D} = {BFA873F3-149D-4B58-811E-89CE66E89C8C}
		{6A86BBF6-BE6B-49B0-8A95-1DDA0C5AA043} = {BFA873F3-149D-4B58-811E-89CE66E89C8C}
		{0D390257-0205-4B47-ADA2-91D840211C86} = {97DB1975-4273-4DCA-A318-F36175BB523D}
		{4508CBC8-CE3B-4CA2-818D-3996761ECFBE} = {0D390257-0205-4B47-ADA2-91D840211C86}
		{7D024568-FA17-4616-82EE-B51FE6AB3B3D} = {6A86BBF6-BE6B-49B0-8A95-1DDA0C5AA043}
		{DCB2A3DB-8A72-4CDE-A3A4-51F934235BB9} = {7D024568-FA17-4616-82EE-B51FE6AB3B3D}
		{8AAEB5A9-BDD5-4D4C-A33B-7B3735A37A87} = {C84F4963-98E4-40E9-A1BE-92524C469574}
		{F9963AE2-AEC6-496F-979C-70E6ECA276B2} = {8AAEB5A9-BDD5-4D4C-A33B-7B3735A37A87}
		{3DC29EC3-5492-4660-90AF-E6AFDFCEB987} = {97DB1975-4273-4DCA-A318-F36175BB523D}
		{9AF72589-CDCA-4D53-B440-C9D9A903B203} = {3DC29EC3-5492-4660-90AF-E6AFDFCEB987}
		{1BBE4AD0-02DC-4348-BD27-43F1F9FF95B4} = {97DB1975-4273-4DCA-A318-F36175BB523D}
		{91F69508-FFE0-491A-9772-D7B1D38D66DD} = {1BBE4AD0-02DC-4348-BD27-43F1F9FF95B4}
		{2A9F63DD-1B6C-43D8-8685-A60DF762E808} = {97DB1975-4273-4DCA-A318-F36175BB523D}
		{F8D7AE89-79DA-478F-8FC1-4A2EE158338E} = {2A9F63DD-1B6C-43D8-8685-A60DF762E808}
		{56A449E0-0A63-433F-8C54-10E4CA83ABA2} = {97DB1975-4273-4DCA-A318-F36175BB523D}
		{94C5CC97-97EE-4444-8627-E4D97F04752E} = {56A449E0-0A63-433F-8C54-10E4CA83ABA2}
		{B80973FA-1090-44FA-84C3-08CD5558C241} = {97DB1975-4273-4DCA-A318-F36175BB523D}
		{BA37657A-4D41-4322-B6DF-4589EB45592E} = {B80973FA-1090-44FA-84C3-08CD5558C241}
	EndGlobalSection
	GlobalSection(ExtensibilityGlobals) = postSolution
		SolutionGuid = {05BB4B42-4EC9-4AB1-B997-43184F7309B0}
	EndGlobalSection
EndGlobal
